{
  "name": "@readme/api-explorer",
  "version": "9.3.0",
  "lockfileVersion": 1,
  "requires": true,
  "dependencies": {
    "@mapbox/hast-util-table-cell-style": {
      "version": "0.1.3",
      "resolved": "https://registry.npmjs.org/@mapbox/hast-util-table-cell-style/-/hast-util-table-cell-style-0.1.3.tgz",
      "integrity": "sha512-QsEsh5YaDvHoMQ2YHdvZy2iDnU3GgKVBTcHf6cILyoWDZtPSdlG444pL/ioPYO/GpXSfODBb9sefEetfC4v9oA==",
      "dev": true,
      "requires": {
        "unist-util-visit": "^1.3.0"
      },
      "dependencies": {
        "unist-util-is": {
          "version": "3.0.0",
          "resolved": "https://registry.npmjs.org/unist-util-is/-/unist-util-is-3.0.0.tgz",
          "integrity": "sha512-sVZZX3+kspVNmLWBPAB6r+7D9ZgAFPNWm66f7YNb420RlQSbn+n8rG8dGZSkrER7ZIXGQYNm5pqC3v3HopH24A==",
          "dev": true
        },
        "unist-util-visit": {
          "version": "1.4.1",
          "resolved": "https://registry.npmjs.org/unist-util-visit/-/unist-util-visit-1.4.1.tgz",
          "integrity": "sha512-AvGNk7Bb//EmJZyhtRUnNMEpId/AZ5Ph/KUpTI09WHQuDZHKovQ1oEv3mfmKpWKtoMzyMC4GLBm1Zy5k12fjIw==",
          "dev": true,
          "requires": {
            "unist-util-visit-parents": "^2.0.0"
          }
        },
        "unist-util-visit-parents": {
          "version": "2.1.2",
          "resolved": "https://registry.npmjs.org/unist-util-visit-parents/-/unist-util-visit-parents-2.1.2.tgz",
          "integrity": "sha512-DyN5vD4NE3aSeB+PXYNKxzGsfocxp6asDc2XXE3b0ekO2BaRUpBicbbUygfSvYfUz1IkmjFR1YF7dPklraMZ2g==",
          "dev": true,
          "requires": {
            "unist-util-is": "^3.0.0"
          }
        }
      }
    },
    "@readme/emojis": {
      "version": "1.0.0",
      "resolved": "https://registry.npmjs.org/@readme/emojis/-/emojis-1.0.0.tgz",
      "integrity": "sha512-zqnvyz2FAw9ah6dHkcaiOpL85DPMj8KgaW1Z14Lhf4qECPKRsid4IBd30ljuAV1gdX1JA8HCuFIY8SRU1Lvb2g==",
      "dev": true
    },
    "@readme/markdown": {
      "version": "6.22.3",
      "resolved": "https://registry.npmjs.org/@readme/markdown/-/markdown-6.22.3.tgz",
      "integrity": "sha512-HQWWmTFFgKGtSYFpsFQpHTdoZvo6S24IQlAHkHz4z/7rf9lYM62s9Kme8PV/X+251RX4jZRcODlMrWMhVn61ug==",
      "dev": true,
      "requires": {
        "@readme/emojis": "^1.0.0",
        "@readme/syntax-highlighter": "^10.2.0",
        "@readme/variable": "^9.0.0",
        "copy-to-clipboard": "^3.3.1",
        "hast-util-sanitize": "^2.0.2",
        "hast-util-to-string": "^1.0.3",
        "lodash.kebabcase": "^4.1.1",
        "mdast-util-toc": "^5.0.3",
        "prop-types": "^15.7.2",
        "react": "^16.4.2",
        "react-dom": "^16.13.1",
        "rehype-raw": "^4.0.1",
        "rehype-react": "^5.0.0",
        "rehype-remark": "^8.0.0",
        "rehype-sanitize": "^3.0.1",
        "rehype-stringify": "^6.0.0",
        "remark-breaks": "^1.0.0",
        "remark-parse": "^7.0.2",
        "remark-rehype": "^7.0.0",
        "remark-slug": "^6.0.0",
        "remark-stringify": "^8.0.0",
        "unified": "^8.4.0",
        "unist-util-flatmap": "^1.0.0",
        "unist-util-map": "^2.0.0",
        "unist-util-select": "^3.0.1",
        "unist-util-visit": "^2.0.1"
      },
      "dependencies": {
        "@readme/syntax-highlighter": {
          "version": "10.3.1",
          "resolved": "https://registry.npmjs.org/@readme/syntax-highlighter/-/syntax-highlighter-10.3.1.tgz",
          "integrity": "sha512-E8W6njPCcecZaRjzK61XEA+VmpOIh8inanyxkLKiwOdJgi17Idq2qYHgxPiYOwxq8ceen8F4dA8BKGXVjG1cAQ==",
          "dev": true,
          "requires": {
            "@readme/variable": "^7.2.1",
            "codemirror": "^5.48.2",
            "prop-types": "^15.7.2",
            "react-codemirror2": "^7.2.1"
          },
          "dependencies": {
            "@readme/variable": {
              "version": "7.5.0",
              "resolved": "https://registry.npmjs.org/@readme/variable/-/variable-7.5.0.tgz",
              "integrity": "sha512-GC0zZA7DD6jT691x5yROUFteJd7j1pkIEQz5tlNodjZcEVaGghU/h9sLyw5KJlj+v3OYuHci69x3SJwbyt/Rug==",
              "dev": true,
              "requires": {
                "classnames": "^2.2.6",
                "prop-types": "^15.7.2",
                "react": "^16.4.2"
              }
            }
          }
        },
        "@readme/variable": {
          "version": "9.3.0",
          "resolved": "https://registry.npmjs.org/@readme/variable/-/variable-9.3.0.tgz",
          "integrity": "sha512-Gk4Ml4D0UrxpBPG8hK4uTQ6G2Cz/3fdaRfDJb2jI7PA92vJNl/8zOr/GNVEaA8EQAy5wK6HpcZYrTYuvydIy4w==",
          "dev": true,
          "requires": {
            "classnames": "^2.2.6",
            "prop-types": "^15.7.2"
          }
        },
        "lodash.kebabcase": {
          "version": "4.1.1",
          "resolved": "https://registry.npmjs.org/lodash.kebabcase/-/lodash.kebabcase-4.1.1.tgz",
          "integrity": "sha1-hImxyw0p/4gZXM7KRI/21swpXDY=",
          "dev": true
        },
        "prop-types": {
          "version": "15.7.2",
          "resolved": "https://registry.npmjs.org/prop-types/-/prop-types-15.7.2.tgz",
          "integrity": "sha512-8QQikdH7//R2vurIJSutZ1smHYTcLpRWEOlHnzcWHmBYrOGUysKwSsrC89BCiFj3CbrfJ/nXFdJepOVrY1GCHQ==",
          "dev": true,
          "requires": {
            "loose-envify": "^1.4.0",
            "object-assign": "^4.1.1",
            "react-is": "^16.8.1"
          }
        }
      }
    },
    "@types/mdast": {
      "version": "3.0.3",
      "resolved": "https://registry.npmjs.org/@types/mdast/-/mdast-3.0.3.tgz",
      "integrity": "sha512-SXPBMnFVQg1s00dlMCc/jCdvPqdE4mXaMMCeRlxLDmTAEoegHT53xKtkDnzDTOcmMHUfcjyf36/YYZ6SxRdnsw==",
      "dev": true,
      "requires": {
        "@types/unist": "*"
      }
    },
    "@types/unist": {
      "version": "2.0.3",
      "resolved": "https://registry.npmjs.org/@types/unist/-/unist-2.0.3.tgz",
      "integrity": "sha512-FvUupuM3rlRsRtCN+fDudtmytGO6iHJuuRKS1Ss0pG5z8oX0diNEw94UEL7hgDbpN94rgaK5R7sWm6RrSkZuAQ==",
      "dev": true
    },
    "bail": {
      "version": "1.0.5",
      "resolved": "https://registry.npmjs.org/bail/-/bail-1.0.5.tgz",
      "integrity": "sha512-xFbRxM1tahm08yHBP16MMjVUAvDaBMD38zsM9EMAUN61omwLmKlOpB/Zku5QkjZ8TZ4vn53pj+t518cH0S03RQ==",
      "dev": true
    },
    "boolbase": {
      "version": "1.0.0",
      "resolved": "https://registry.npmjs.org/boolbase/-/boolbase-1.0.0.tgz",
      "integrity": "sha1-aN/1++YMUes3cl6p4+0xDcwed24=",
      "dev": true
    },
    "ccount": {
      "version": "1.1.0",
      "resolved": "https://registry.npmjs.org/ccount/-/ccount-1.1.0.tgz",
      "integrity": "sha512-vlNK021QdI7PNeiUh/lKkC/mNHHfV0m/Ad5JoI0TYtlBnJAslM/JIkm/tGC88bkLIwO6OQ5uV6ztS6kVAtCDlg==",
      "dev": true
    },
    "character-entities": {
      "version": "1.2.4",
      "resolved": "https://registry.npmjs.org/character-entities/-/character-entities-1.2.4.tgz",
      "integrity": "sha512-iBMyeEHxfVnIakwOuDXpVkc54HijNgCyQB2w0VfGQThle6NXn50zU6V/u+LDhxHcDUPojn6Kpga3PTAD8W1bQw==",
      "dev": true
    },
    "character-entities-html4": {
      "version": "1.1.4",
      "resolved": "https://registry.npmjs.org/character-entities-html4/-/character-entities-html4-1.1.4.tgz",
      "integrity": "sha512-HRcDxZuZqMx3/a+qrzxdBKBPUpxWEq9xw2OPZ3a/174ihfrQKVsFhqtthBInFy1zZ9GgZyFXOatNujm8M+El3g==",
      "dev": true
    },
    "character-entities-legacy": {
      "version": "1.1.4",
      "resolved": "https://registry.npmjs.org/character-entities-legacy/-/character-entities-legacy-1.1.4.tgz",
      "integrity": "sha512-3Xnr+7ZFS1uxeiUDvV02wQ+QDbc55o97tIV5zHScSPJpcLm/r0DFPcoY3tYRp+VZukxuMeKgXYmsXQHO05zQeA==",
      "dev": true
    },
    "character-reference-invalid": {
      "version": "1.1.4",
      "resolved": "https://registry.npmjs.org/character-reference-invalid/-/character-reference-invalid-1.1.4.tgz",
      "integrity": "sha512-mKKUkUbhPpQlCOfIuZkvSEgktjPFIsZKRRbC6KWVEMvlzblj3i3asQv5ODsrwt0N3pHAEvjP8KTQPHkp0+6jOg==",
      "dev": true
    },
    "classnames": {
      "version": "2.2.6",
      "resolved": "https://registry.npmjs.org/classnames/-/classnames-2.2.6.tgz",
      "integrity": "sha512-JR/iSQOSt+LQIWwrwEzJ9uk0xfN3mTVYMwt1Ir5mUcSN6pU+V4zQFFaJsclJbPuAUQH+yfWef6tm7l1quW3C8Q=="
    },
    "codemirror": {
      "version": "5.58.3",
      "resolved": "https://registry.npmjs.org/codemirror/-/codemirror-5.58.3.tgz",
      "integrity": "sha512-KBhB+juiyOOgn0AqtRmWyAT3yoElkuvWTI6hsHa9E6GQrl6bk/fdAYcvuqW1/upO9T9rtEtapWdw4XYcNiVDEA==",
      "dev": true
    },
    "collapse-white-space": {
      "version": "1.0.6",
      "resolved": "https://registry.npmjs.org/collapse-white-space/-/collapse-white-space-1.0.6.tgz",
      "integrity": "sha512-jEovNnrhMuqyCcjfEJA56v0Xq8SkIoPKDyaHahwo3POf4qcSXqMYuwNcOTzp74vTsR9Tn08z4MxWqAhcekogkQ==",
      "dev": true
    },
    "comma-separated-tokens": {
      "version": "1.0.8",
      "resolved": "https://registry.npmjs.org/comma-separated-tokens/-/comma-separated-tokens-1.0.8.tgz",
      "integrity": "sha512-GHuDRO12Sypu2cV70d1dkA2EUmXHgntrzbpvOB+Qy+49ypNfGgFQIC2fhhXbnyrJRynDCAARsT7Ou0M6hirpfw==",
      "dev": true
    },
    "copy-to-clipboard": {
      "version": "3.3.1",
      "resolved": "https://registry.npmjs.org/copy-to-clipboard/-/copy-to-clipboard-3.3.1.tgz",
      "integrity": "sha512-i13qo6kIHTTpCm8/Wup+0b1mVWETvu2kIMzKoK8FpkLkFxlt0znUAHcMzox+T8sPlqtZXq3CulEjQHsYiGFJUw==",
      "dev": true,
      "requires": {
        "toggle-selection": "^1.0.6"
      }
    },
    "css-selector-parser": {
      "version": "1.4.1",
      "resolved": "https://registry.npmjs.org/css-selector-parser/-/css-selector-parser-1.4.1.tgz",
      "integrity": "sha512-HYPSb7y/Z7BNDCOrakL4raGO2zltZkbeXyAd6Tg9obzix6QhzxCotdBl6VT0Dv4vZfJGVz3WL/xaEI9Ly3ul0g==",
      "dev": true
    },
    "emoji-regex": {
      "version": "6.1.1",
      "resolved": "https://registry.npmjs.org/emoji-regex/-/emoji-regex-6.1.1.tgz",
      "integrity": "sha1-xs0OwbBkLio8Z6ETfvxeeW2k+I4=",
      "dev": true
    },
    "extend": {
      "version": "3.0.2",
      "resolved": "https://registry.npmjs.org/extend/-/extend-3.0.2.tgz",
      "integrity": "sha512-fjquC59cD7CyW6urNXK0FBufkZcoiGG80wTuPujX590cB5Ttln20E2UB4S/WARVqhXffZl2LNgS+gQdPIIim/g==",
      "dev": true
    },
    "github-slugger": {
      "version": "1.3.0",
      "resolved": "https://registry.npmjs.org/github-slugger/-/github-slugger-1.3.0.tgz",
      "integrity": "sha512-gwJScWVNhFYSRDvURk/8yhcFBee6aFjye2a7Lhb2bUyRulpIoek9p0I9Kt7PT67d/nUlZbFu8L9RLiA0woQN8Q==",
      "dev": true,
      "requires": {
        "emoji-regex": ">=6.0.0 <=6.1.1"
      }
    },
    "hast-to-hyperscript": {
      "version": "7.0.4",
      "resolved": "https://registry.npmjs.org/hast-to-hyperscript/-/hast-to-hyperscript-7.0.4.tgz",
      "integrity": "sha512-vmwriQ2H0RPS9ho4Kkbf3n3lY436QKLq6VaGA1pzBh36hBi3tm1DO9bR+kaJIbpT10UqaANDkMjxvjVfr+cnOA==",
      "dev": true,
      "requires": {
        "comma-separated-tokens": "^1.0.0",
        "property-information": "^5.3.0",
        "space-separated-tokens": "^1.0.0",
        "style-to-object": "^0.2.1",
        "unist-util-is": "^3.0.0",
        "web-namespaces": "^1.1.2"
      },
      "dependencies": {
        "unist-util-is": {
          "version": "3.0.0",
          "resolved": "https://registry.npmjs.org/unist-util-is/-/unist-util-is-3.0.0.tgz",
          "integrity": "sha512-sVZZX3+kspVNmLWBPAB6r+7D9ZgAFPNWm66f7YNb420RlQSbn+n8rG8dGZSkrER7ZIXGQYNm5pqC3v3HopH24A==",
          "dev": true
        }
      }
    },
    "hast-util-embedded": {
      "version": "1.0.5",
      "resolved": "https://registry.npmjs.org/hast-util-embedded/-/hast-util-embedded-1.0.5.tgz",
      "integrity": "sha512-0FfLHmfArWOizbdwjL+Rc9QIBzqP80juicNl4S4NEPq5OYWBCgYrtYDPUDoSyQQ9IQlBn9W7++fpYQNzZSq/wQ==",
      "dev": true,
      "requires": {
        "hast-util-is-element": "^1.0.0"
      }
    },
    "hast-util-from-parse5": {
      "version": "5.0.3",
      "resolved": "https://registry.npmjs.org/hast-util-from-parse5/-/hast-util-from-parse5-5.0.3.tgz",
      "integrity": "sha512-gOc8UB99F6eWVWFtM9jUikjN7QkWxB3nY0df5Z0Zq1/Nkwl5V4hAAsl0tmwlgWl/1shlTF8DnNYLO8X6wRV9pA==",
      "dev": true,
      "requires": {
        "ccount": "^1.0.3",
        "hastscript": "^5.0.0",
        "property-information": "^5.0.0",
        "web-namespaces": "^1.1.2",
        "xtend": "^4.0.1"
      }
    },
    "hast-util-has-property": {
      "version": "1.0.4",
      "resolved": "https://registry.npmjs.org/hast-util-has-property/-/hast-util-has-property-1.0.4.tgz",
      "integrity": "sha512-ghHup2voGfgFoHMGnaLHOjbYFACKrRh9KFttdCzMCbFoBMJXiNi2+XTrPP8+q6cDJM/RSqlCfVWrjp1H201rZg==",
      "dev": true
    },
    "hast-util-is-element": {
      "version": "1.1.0",
      "resolved": "https://registry.npmjs.org/hast-util-is-element/-/hast-util-is-element-1.1.0.tgz",
      "integrity": "sha512-oUmNua0bFbdrD/ELDSSEadRVtWZOf3iF6Lbv81naqsIV99RnSCieTbWuWCY8BAeEfKJTKl0gRdokv+dELutHGQ==",
      "dev": true
    },
    "hast-util-parse-selector": {
      "version": "2.2.5",
      "resolved": "https://registry.npmjs.org/hast-util-parse-selector/-/hast-util-parse-selector-2.2.5.tgz",
      "integrity": "sha512-7j6mrk/qqkSehsM92wQjdIgWM2/BW61u/53G6xmC8i1OmEdKLHbk419QKQUjz6LglWsfqoiHmyMRkP1BGjecNQ==",
      "dev": true
    },
    "hast-util-raw": {
      "version": "5.0.2",
      "resolved": "https://registry.npmjs.org/hast-util-raw/-/hast-util-raw-5.0.2.tgz",
      "integrity": "sha512-3ReYQcIHmzSgMq8UrDZHFL0oGlbuVGdLKs8s/Fe8BfHFAyZDrdv1fy/AGn+Fim8ZuvAHcJ61NQhVMtyfHviT/g==",
      "dev": true,
      "requires": {
        "hast-util-from-parse5": "^5.0.0",
        "hast-util-to-parse5": "^5.0.0",
        "html-void-elements": "^1.0.0",
        "parse5": "^5.0.0",
        "unist-util-position": "^3.0.0",
        "web-namespaces": "^1.0.0",
        "xtend": "^4.0.0",
        "zwitch": "^1.0.0"
      }
    },
    "hast-util-sanitize": {
      "version": "2.0.3",
      "resolved": "https://registry.npmjs.org/hast-util-sanitize/-/hast-util-sanitize-2.0.3.tgz",
      "integrity": "sha512-RILqWHmzU0Anmfw1KEP41LbCsJuJUVM0lQWAbTDk9+0bWqzRFXDaMdqIoRocLlOfR5NfcWyhFfZw/mGsuftwYA==",
      "dev": true,
      "requires": {
        "xtend": "^4.0.0"
      }
    },
    "hast-util-to-html": {
      "version": "6.1.0",
      "resolved": "https://registry.npmjs.org/hast-util-to-html/-/hast-util-to-html-6.1.0.tgz",
      "integrity": "sha512-IlC+LG2HGv0Y8js3wqdhg9O2sO4iVpRDbHOPwXd7qgeagpGsnY49i8yyazwqS35RA35WCzrBQE/n0M6GG/ewxA==",
      "dev": true,
      "requires": {
        "ccount": "^1.0.0",
        "comma-separated-tokens": "^1.0.1",
        "hast-util-is-element": "^1.0.0",
        "hast-util-whitespace": "^1.0.0",
        "html-void-elements": "^1.0.0",
        "property-information": "^5.2.0",
        "space-separated-tokens": "^1.0.0",
        "stringify-entities": "^2.0.0",
        "unist-util-is": "^3.0.0",
        "xtend": "^4.0.1"
      },
      "dependencies": {
        "unist-util-is": {
          "version": "3.0.0",
          "resolved": "https://registry.npmjs.org/unist-util-is/-/unist-util-is-3.0.0.tgz",
          "integrity": "sha512-sVZZX3+kspVNmLWBPAB6r+7D9ZgAFPNWm66f7YNb420RlQSbn+n8rG8dGZSkrER7ZIXGQYNm5pqC3v3HopH24A==",
          "dev": true
        }
      }
    },
    "hast-util-to-mdast": {
      "version": "7.1.3",
      "resolved": "https://registry.npmjs.org/hast-util-to-mdast/-/hast-util-to-mdast-7.1.3.tgz",
      "integrity": "sha512-3vER9p8B8mCs5b2qzoBiWlC9VnTkFmr8Ufb1eKdcvhVY+nipt52YfMRshk5r9gOE1IZ9/xtlSxebGCv1ig9uKA==",
      "dev": true,
      "requires": {
        "extend": "^3.0.0",
        "hast-util-has-property": "^1.0.0",
        "hast-util-is-element": "^1.1.0",
        "hast-util-to-text": "^2.0.0",
        "mdast-util-phrasing": "^2.0.0",
        "mdast-util-to-string": "^1.0.0",
        "rehype-minify-whitespace": "^4.0.3",
        "repeat-string": "^1.6.1",
        "trim-trailing-lines": "^1.1.0",
        "unist-util-is": "^4.0.0",
        "unist-util-visit": "^2.0.0",
        "xtend": "^4.0.1"
      },
      "dependencies": {
        "mdast-util-to-string": {
          "version": "1.1.0",
          "resolved": "https://registry.npmjs.org/mdast-util-to-string/-/mdast-util-to-string-1.1.0.tgz",
          "integrity": "sha512-jVU0Nr2B9X3MU4tSK7JP1CMkSvOj7X5l/GboG1tKRw52lLF1x2Ju92Ms9tNetCcbfX3hzlM73zYo2NKkWSfF/A==",
          "dev": true
        }
      }
    },
    "hast-util-to-parse5": {
      "version": "5.1.2",
      "resolved": "https://registry.npmjs.org/hast-util-to-parse5/-/hast-util-to-parse5-5.1.2.tgz",
      "integrity": "sha512-ZgYLJu9lYknMfsBY0rBV4TJn2xiwF1fXFFjbP6EE7S0s5mS8LIKBVWzhA1MeIs1SWW6GnnE4In6c3kPb+CWhog==",
      "dev": true,
      "requires": {
        "hast-to-hyperscript": "^7.0.0",
        "property-information": "^5.0.0",
        "web-namespaces": "^1.0.0",
        "xtend": "^4.0.0",
        "zwitch": "^1.0.0"
      }
    },
    "hast-util-to-string": {
      "version": "1.0.4",
      "resolved": "https://registry.npmjs.org/hast-util-to-string/-/hast-util-to-string-1.0.4.tgz",
      "integrity": "sha512-eK0MxRX47AV2eZ+Lyr18DCpQgodvaS3fAQO2+b9Two9F5HEoRPhiUMNzoXArMJfZi2yieFzUBMRl3HNJ3Jus3w==",
      "dev": true
    },
    "hast-util-to-text": {
      "version": "2.0.1",
      "resolved": "https://registry.npmjs.org/hast-util-to-text/-/hast-util-to-text-2.0.1.tgz",
      "integrity": "sha512-8nsgCARfs6VkwH2jJU9b8LNTuR4700na+0h3PqCaEk4MAnMDeu5P0tP8mjk9LLNGxIeQRLbiDbZVw6rku+pYsQ==",
      "dev": true,
      "requires": {
        "hast-util-is-element": "^1.0.0",
        "repeat-string": "^1.0.0",
        "unist-util-find-after": "^3.0.0"
      }
    },
    "hast-util-whitespace": {
      "version": "1.0.4",
      "resolved": "https://registry.npmjs.org/hast-util-whitespace/-/hast-util-whitespace-1.0.4.tgz",
      "integrity": "sha512-I5GTdSfhYfAPNztx2xJRQpG8cuDSNt599/7YUn7Gx/WxNMsG+a835k97TDkFgk123cwjfwINaZknkKkphx/f2A==",
      "dev": true
    },
    "hastscript": {
      "version": "5.1.2",
      "resolved": "https://registry.npmjs.org/hastscript/-/hastscript-5.1.2.tgz",
      "integrity": "sha512-WlztFuK+Lrvi3EggsqOkQ52rKbxkXL3RwB6t5lwoa8QLMemoWfBuL43eDrwOamJyR7uKQKdmKYaBH1NZBiIRrQ==",
      "dev": true,
      "requires": {
        "comma-separated-tokens": "^1.0.0",
        "hast-util-parse-selector": "^2.0.0",
        "property-information": "^5.0.0",
        "space-separated-tokens": "^1.0.0"
      }
    },
    "html-void-elements": {
      "version": "1.0.5",
      "resolved": "https://registry.npmjs.org/html-void-elements/-/html-void-elements-1.0.5.tgz",
      "integrity": "sha512-uE/TxKuyNIcx44cIWnjr/rfIATDH7ZaOMmstu0CwhFG1Dunhlp4OC6/NMbhiwoq5BpW0ubi303qnEk/PZj614w==",
      "dev": true
    },
    "inherits": {
      "version": "2.0.4",
      "resolved": "https://registry.npmjs.org/inherits/-/inherits-2.0.4.tgz",
      "integrity": "sha512-k/vGaX4/Yla3WzyMCvTQOXYeIHvqOKtnqBduzTHpzpQZzAskKMhZ2K+EnBiSM9zGSoIFeMpXKxa4dYeZIQqewQ==",
      "dev": true
    },
    "inline-style-parser": {
      "version": "0.1.1",
      "resolved": "https://registry.npmjs.org/inline-style-parser/-/inline-style-parser-0.1.1.tgz",
      "integrity": "sha512-7NXolsK4CAS5+xvdj5OMMbI962hU/wvwoxk+LWR9Ek9bVtyuuYScDN6eS0rUm6TxApFpw7CX1o4uJzcd4AyD3Q==",
      "dev": true
    },
    "is-alphabetical": {
      "version": "1.0.4",
      "resolved": "https://registry.npmjs.org/is-alphabetical/-/is-alphabetical-1.0.4.tgz",
      "integrity": "sha512-DwzsA04LQ10FHTZuL0/grVDk4rFoVH1pjAToYwBrHSxcrBIGQuXrQMtD5U1b0U2XVgKZCTLLP8u2Qxqhy3l2Vg==",
      "dev": true
    },
    "is-alphanumeric": {
      "version": "1.0.0",
      "resolved": "https://registry.npmjs.org/is-alphanumeric/-/is-alphanumeric-1.0.0.tgz",
      "integrity": "sha1-Spzvcdr0wAHB2B1j0UDPU/1oifQ=",
      "dev": true
    },
    "is-alphanumerical": {
      "version": "1.0.4",
      "resolved": "https://registry.npmjs.org/is-alphanumerical/-/is-alphanumerical-1.0.4.tgz",
      "integrity": "sha512-UzoZUr+XfVz3t3v4KyGEniVL9BDRoQtY7tOyrRybkVNjDFWyo1yhXNGrrBTQxp3ib9BLAWs7k2YKBQsFRkZG9A==",
      "dev": true,
      "requires": {
        "is-alphabetical": "^1.0.0",
        "is-decimal": "^1.0.0"
      }
    },
    "is-buffer": {
      "version": "2.0.5",
      "resolved": "https://registry.npmjs.org/is-buffer/-/is-buffer-2.0.5.tgz",
      "integrity": "sha512-i2R6zNFDwgEHJyQUtJEk0XFi1i0dPFn/oqjK3/vPCcDeJvW5NQ83V8QbicfF1SupOaB0h8ntgBC2YiE7dfyctQ==",
      "dev": true
    },
    "is-decimal": {
      "version": "1.0.4",
      "resolved": "https://registry.npmjs.org/is-decimal/-/is-decimal-1.0.4.tgz",
      "integrity": "sha512-RGdriMmQQvZ2aqaQq3awNA6dCGtKpiDFcOzrTWrDAT2MiWrKQVPmxLGHl7Y2nNu6led0kEyoX0enY0qXYsv9zw==",
      "dev": true
    },
    "is-hexadecimal": {
      "version": "1.0.4",
      "resolved": "https://registry.npmjs.org/is-hexadecimal/-/is-hexadecimal-1.0.4.tgz",
      "integrity": "sha512-gyPJuv83bHMpocVYoqof5VDiZveEoGoFL8m3BXNb2VW8Xs+rz9kqO8LOQ5DH6EsuvilT1ApazU0pyl+ytbPtlw==",
      "dev": true
    },
    "is-plain-obj": {
      "version": "2.1.0",
      "resolved": "https://registry.npmjs.org/is-plain-obj/-/is-plain-obj-2.1.0.tgz",
      "integrity": "sha512-YWnfyRwxL/+SsrWYfOpUtz5b3YD+nyfkHvjbcanzk8zgyO4ASD67uVMRt8k5bM4lLMDnXfriRhOpemw+NfT1eA==",
      "dev": true
    },
    "is-whitespace-character": {
      "version": "1.0.4",
      "resolved": "https://registry.npmjs.org/is-whitespace-character/-/is-whitespace-character-1.0.4.tgz",
      "integrity": "sha512-SDweEzfIZM0SJV0EUga669UTKlmL0Pq8Lno0QDQsPnvECB3IM2aP0gdx5TrU0A01MAPfViaZiI2V1QMZLaKK5w==",
      "dev": true
    },
    "is-word-character": {
      "version": "1.0.4",
      "resolved": "https://registry.npmjs.org/is-word-character/-/is-word-character-1.0.4.tgz",
      "integrity": "sha512-5SMO8RVennx3nZrqtKwCGyyetPE9VDba5ugvKLaD4KopPG5kR4mQ7tNt/r7feL5yt5h3lpuBbIUmCOG2eSzXHA==",
      "dev": true
    },
    "js-tokens": {
      "version": "4.0.0",
      "resolved": "https://registry.npmjs.org/js-tokens/-/js-tokens-4.0.0.tgz",
      "integrity": "sha512-RdJUflcE3cUzKiMqQgsCu06FPu9UdIJO0beYbPhHN4k6apgJtifcoCtT9bcxOpYBtpD2kCM6Sbzg4CausW/PKQ==",
      "dev": true
    },
    "longest-streak": {
      "version": "2.0.4",
      "resolved": "https://registry.npmjs.org/longest-streak/-/longest-streak-2.0.4.tgz",
      "integrity": "sha512-vM6rUVCVUJJt33bnmHiZEvr7wPT78ztX7rojL+LW51bHtLh6HTjx84LA5W4+oa6aKEJA7jJu5LR6vQRBpA5DVg==",
      "dev": true
    },
    "loose-envify": {
      "version": "1.4.0",
      "resolved": "https://registry.npmjs.org/loose-envify/-/loose-envify-1.4.0.tgz",
      "integrity": "sha512-lyuxPGr/Wfhrlem2CL/UcnUc1zcqKAImBDzukY7Y5F/yQiNdko6+fRLevlw1HgMySw7f611UIY408EtxRSoK3Q==",
      "dev": true,
      "requires": {
        "js-tokens": "^3.0.0 || ^4.0.0"
      }
    },
    "markdown-escapes": {
      "version": "1.0.4",
      "resolved": "https://registry.npmjs.org/markdown-escapes/-/markdown-escapes-1.0.4.tgz",
      "integrity": "sha512-8z4efJYk43E0upd0NbVXwgSTQs6cT3T06etieCMEg7dRbzCbxUCK/GHlX8mhHRDcp+OLlHkPKsvqQTCvsRl2cg==",
      "dev": true
    },
    "markdown-table": {
      "version": "2.0.0",
      "resolved": "https://registry.npmjs.org/markdown-table/-/markdown-table-2.0.0.tgz",
      "integrity": "sha512-Ezda85ToJUBhM6WGaG6veasyym+Tbs3cMAw/ZhOPqXiYsr0jgocBV3j3nx+4lk47plLlIqjwuTm/ywVI+zjJ/A==",
      "dev": true,
      "requires": {
        "repeat-string": "^1.0.0"
      }
    },
    "mdast-util-compact": {
      "version": "2.0.1",
      "resolved": "https://registry.npmjs.org/mdast-util-compact/-/mdast-util-compact-2.0.1.tgz",
      "integrity": "sha512-7GlnT24gEwDrdAwEHrU4Vv5lLWrEer4KOkAiKT9nYstsTad7Oc1TwqT2zIMKRdZF7cTuaf+GA1E4Kv7jJh8mPA==",
      "dev": true,
      "requires": {
        "unist-util-visit": "^2.0.0"
      }
    },
    "mdast-util-definitions": {
      "version": "3.0.1",
      "resolved": "https://registry.npmjs.org/mdast-util-definitions/-/mdast-util-definitions-3.0.1.tgz",
      "integrity": "sha512-BAv2iUm/e6IK/b2/t+Fx69EL/AGcq/IG2S+HxHjDJGfLJtd6i9SZUS76aC9cig+IEucsqxKTR0ot3m933R3iuA==",
      "dev": true,
      "requires": {
        "unist-util-visit": "^2.0.0"
      }
    },
    "mdast-util-phrasing": {
      "version": "2.0.0",
      "resolved": "https://registry.npmjs.org/mdast-util-phrasing/-/mdast-util-phrasing-2.0.0.tgz",
      "integrity": "sha512-G1rNlW/sViwzbBYD7+k3mKGtoWV2v4GBFky66OYHfktHe7Hg9R+hH4xpeoOtjYiwTvle8C8wlKMpgqPCkaeK8Q==",
      "dev": true,
      "requires": {
        "unist-util-is": "^4.0.0"
      }
    },
    "mdast-util-to-hast": {
      "version": "9.1.2",
      "resolved": "https://registry.npmjs.org/mdast-util-to-hast/-/mdast-util-to-hast-9.1.2.tgz",
      "integrity": "sha512-OpkFLBC2VnNAb2FNKcKWu9FMbJhQKog+FCT8nuKmQNIKXyT1n3SIskE7uWDep6x+cA20QXlK5AETHQtYmQmxtQ==",
      "dev": true,
      "requires": {
        "@types/mdast": "^3.0.0",
        "@types/unist": "^2.0.0",
        "mdast-util-definitions": "^3.0.0",
        "mdurl": "^1.0.0",
        "unist-builder": "^2.0.0",
        "unist-util-generated": "^1.0.0",
        "unist-util-position": "^3.0.0",
        "unist-util-visit": "^2.0.0"
      }
    },
    "mdast-util-to-string": {
      "version": "2.0.0",
      "resolved": "https://registry.npmjs.org/mdast-util-to-string/-/mdast-util-to-string-2.0.0.tgz",
      "integrity": "sha512-AW4DRS3QbBayY/jJmD8437V1Gombjf8RSOUCMFBuo5iHi58AGEgVCKQ+ezHkZZDpAQS75hcBMpLqjpJTjtUL7w==",
      "dev": true
    },
    "mdast-util-toc": {
      "version": "5.1.0",
      "resolved": "https://registry.npmjs.org/mdast-util-toc/-/mdast-util-toc-5.1.0.tgz",
      "integrity": "sha512-csimbRIVkiqc+PpFeKDGQ/Ck2N4f9FYH3zzBMMJzcxoKL8m+cM0n94xXm0I9eaxHnKdY9n145SGTdyJC7i273g==",
      "dev": true,
      "requires": {
        "@types/mdast": "^3.0.3",
        "@types/unist": "^2.0.3",
        "extend": "^3.0.2",
        "github-slugger": "^1.2.1",
        "mdast-util-to-string": "^2.0.0",
        "unist-util-is": "^4.0.0",
        "unist-util-visit": "^2.0.0"
      }
    },
    "mdurl": {
      "version": "1.0.1",
      "resolved": "https://registry.npmjs.org/mdurl/-/mdurl-1.0.1.tgz",
      "integrity": "sha1-/oWy7HWlkDfyrf7BAP1sYBdhFS4=",
      "dev": true
    },
    "not": {
      "version": "0.1.0",
      "resolved": "https://registry.npmjs.org/not/-/not-0.1.0.tgz",
      "integrity": "sha1-yWkcF0bFXc++VMvYvU/wQbwrUZ0=",
      "dev": true
    },
    "nth-check": {
      "version": "1.0.2",
      "resolved": "https://registry.npmjs.org/nth-check/-/nth-check-1.0.2.tgz",
      "integrity": "sha512-WeBOdju8SnzPN5vTUJYxYUxLeXpCaVP5i5e0LF8fg7WORF2Wd7wFX/pk0tYZk7s8T+J7VLy0Da6J1+wCT0AtHg==",
      "dev": true,
      "requires": {
        "boolbase": "~1.0.0"
      }
    },
    "object-assign": {
      "version": "4.1.1",
      "resolved": "https://registry.npmjs.org/object-assign/-/object-assign-4.1.1.tgz",
      "integrity": "sha1-IQmtx5ZYh8/AXLvUQsrIv7s2CGM=",
      "dev": true
    },
    "parse-entities": {
      "version": "1.2.2",
      "resolved": "https://registry.npmjs.org/parse-entities/-/parse-entities-1.2.2.tgz",
      "integrity": "sha512-NzfpbxW/NPrzZ/yYSoQxyqUZMZXIdCfE0OIN4ESsnptHJECoUk3FZktxNuzQf4tjt5UEopnxpYJbvYuxIFDdsg==",
      "dev": true,
      "requires": {
        "character-entities": "^1.0.0",
        "character-entities-legacy": "^1.0.0",
        "character-reference-invalid": "^1.0.0",
        "is-alphanumerical": "^1.0.0",
        "is-decimal": "^1.0.0",
        "is-hexadecimal": "^1.0.0"
      }
    },
    "parse5": {
      "version": "5.1.1",
      "resolved": "https://registry.npmjs.org/parse5/-/parse5-5.1.1.tgz",
      "integrity": "sha512-ugq4DFI0Ptb+WWjAdOK16+u/nHfiIrcE+sh8kZMaM0WllQKLI9rOUq6c2b7cwPkXdzfQESqvoqK6ug7U/Yyzug==",
      "dev": true
    },
    "property-information": {
      "version": "5.6.0",
      "resolved": "https://registry.npmjs.org/property-information/-/property-information-5.6.0.tgz",
      "integrity": "sha512-YUHSPk+A30YPv+0Qf8i9Mbfe/C0hdPXk1s1jPVToV8pk8BQtpw10ct89Eo7OWkutrwqvT0eicAxlOg3dOAu8JA==",
      "dev": true,
      "requires": {
        "xtend": "^4.0.0"
      }
    },
    "react": {
      "version": "16.14.0",
      "resolved": "https://registry.npmjs.org/react/-/react-16.14.0.tgz",
      "integrity": "sha512-0X2CImDkJGApiAlcf0ODKIneSwBPhqJawOa5wCtKbu7ZECrmS26NvtSILynQ66cgkT/RJ4LidJOc3bUESwmU8g==",
      "dev": true,
      "requires": {
        "loose-envify": "^1.1.0",
        "object-assign": "^4.1.1",
        "prop-types": "^15.6.2"
      },
      "dependencies": {
        "prop-types": {
          "version": "15.7.2",
          "resolved": "https://registry.npmjs.org/prop-types/-/prop-types-15.7.2.tgz",
          "integrity": "sha512-8QQikdH7//R2vurIJSutZ1smHYTcLpRWEOlHnzcWHmBYrOGUysKwSsrC89BCiFj3CbrfJ/nXFdJepOVrY1GCHQ==",
          "dev": true,
          "requires": {
            "loose-envify": "^1.4.0",
            "object-assign": "^4.1.1",
            "react-is": "^16.8.1"
          }
        }
      }
    },
    "react-codemirror2": {
      "version": "7.2.1",
      "resolved": "https://registry.npmjs.org/react-codemirror2/-/react-codemirror2-7.2.1.tgz",
      "integrity": "sha512-t7YFmz1AXdlImgHXA9Ja0T6AWuopilub24jRaQdPVbzUJVNKIYuy3uCFZYa7CE5S3UW6SrSa5nAqVQvtzRF9gw==",
      "dev": true
    },
    "react-dom": {
      "version": "16.14.0",
      "resolved": "https://registry.npmjs.org/react-dom/-/react-dom-16.14.0.tgz",
      "integrity": "sha512-1gCeQXDLoIqMgqD3IO2Ah9bnf0w9kzhwN5q4FGnHZ67hBm9yePzB5JJAIQCc8x3pFnNlwFq4RidZggNAAkzWWw==",
      "dev": true,
      "requires": {
        "loose-envify": "^1.1.0",
        "object-assign": "^4.1.1",
        "prop-types": "^15.6.2",
        "scheduler": "^0.19.1"
      },
      "dependencies": {
        "prop-types": {
          "version": "15.7.2",
          "resolved": "https://registry.npmjs.org/prop-types/-/prop-types-15.7.2.tgz",
          "integrity": "sha512-8QQikdH7//R2vurIJSutZ1smHYTcLpRWEOlHnzcWHmBYrOGUysKwSsrC89BCiFj3CbrfJ/nXFdJepOVrY1GCHQ==",
          "dev": true,
          "requires": {
            "loose-envify": "^1.4.0",
            "object-assign": "^4.1.1",
            "react-is": "^16.8.1"
          }
        }
      }
    },
    "react-is": {
      "version": "16.13.1",
      "resolved": "https://registry.npmjs.org/react-is/-/react-is-16.13.1.tgz",
      "integrity": "sha512-24e6ynE2H+OKt4kqsOvNd8kBpV65zoxbA4BVsEOB3ARVWQki/DHzaUoC5KuON/BiccDaCCTZBuOcfZs70kR8bQ==",
      "dev": true
    },
    "rehype-minify-whitespace": {
      "version": "4.0.5",
      "resolved": "https://registry.npmjs.org/rehype-minify-whitespace/-/rehype-minify-whitespace-4.0.5.tgz",
      "integrity": "sha512-QC3Z+bZ5wbv+jGYQewpAAYhXhzuH/TVRx7z08rurBmh9AbG8Nu8oJnvs9LWj43Fd/C7UIhXoQ7Wddgt+ThWK5g==",
      "dev": true,
      "requires": {
        "hast-util-embedded": "^1.0.0",
        "hast-util-is-element": "^1.0.0",
        "hast-util-whitespace": "^1.0.4",
        "unist-util-is": "^4.0.0"
      }
    },
    "rehype-raw": {
      "version": "4.0.2",
      "resolved": "https://registry.npmjs.org/rehype-raw/-/rehype-raw-4.0.2.tgz",
      "integrity": "sha512-xQt94oXfDaO7sK9mJBtsZXkjW/jm6kArCoYN+HqKZ51O19AFHlp3Xa5UfZZ2tJkbpAZzKtgVUYvnconk9IsFuA==",
      "dev": true,
      "requires": {
        "hast-util-raw": "^5.0.0"
      }
    },
    "rehype-react": {
      "version": "5.0.1",
      "resolved": "https://registry.npmjs.org/rehype-react/-/rehype-react-5.0.1.tgz",
      "integrity": "sha512-vv/uqHROopaPimIw6Ip4Mx5+YySLClC7pSFJSW3QkwVYvguqbm5N+Cu4yJgt6nvDmOsP66GnQtDlU+tI6bhigQ==",
      "dev": true,
      "requires": {
        "@mapbox/hast-util-table-cell-style": "^0.1.3",
        "hast-to-hyperscript": "^8.0.0"
      },
      "dependencies": {
        "hast-to-hyperscript": {
          "version": "8.1.1",
          "resolved": "https://registry.npmjs.org/hast-to-hyperscript/-/hast-to-hyperscript-8.1.1.tgz",
          "integrity": "sha512-IsVTowDrvX4n+Nt+zP0VLQmh/ddVtnFSLUv1gb/706ovL2VgFdnE5ior2fDHSp1Bc0E5GidF2ax+PMjd+TW7gA==",
          "dev": true,
          "requires": {
            "comma-separated-tokens": "^1.0.0",
            "property-information": "^5.3.0",
            "space-separated-tokens": "^1.0.0",
            "style-to-object": "^0.3.0",
            "unist-util-is": "^4.0.0",
            "web-namespaces": "^1.0.0"
          }
        },
        "style-to-object": {
          "version": "0.3.0",
          "resolved": "https://registry.npmjs.org/style-to-object/-/style-to-object-0.3.0.tgz",
          "integrity": "sha512-CzFnRRXhzWIdItT3OmF8SQfWyahHhjq3HwcMNCNLn+N7klOOqPjMeG/4JSu77D7ypZdGvSzvkrbyeTMizz2VrA==",
          "dev": true,
          "requires": {
            "inline-style-parser": "0.1.1"
          }
        }
      }
    },
    "rehype-remark": {
      "version": "8.0.0",
      "resolved": "https://registry.npmjs.org/rehype-remark/-/rehype-remark-8.0.0.tgz",
      "integrity": "sha512-d1EmgsqWc1v9E/URuzozU8pa4AYHIcfOMLhgzQRHeaxYyMHJKIrpBMdRhl+IbqcHLD699Ho/vO+DpSZgKsGM8Q==",
      "dev": true,
      "requires": {
        "hast-util-to-mdast": "^7.0.0"
      }
    },
    "rehype-sanitize": {
      "version": "3.0.1",
      "resolved": "https://registry.npmjs.org/rehype-sanitize/-/rehype-sanitize-3.0.1.tgz",
      "integrity": "sha512-tOXwIVmrFsjwFfhWPF2FYaIJ0LPEfGngQZvRfmqCsCGVCNbRlTMMcJPaLNwdUrNkKPNh/VdmA2ZzzivbQTfIMw==",
      "dev": true,
      "requires": {
        "hast-util-sanitize": "^2.0.0"
      }
    },
    "rehype-stringify": {
      "version": "6.0.1",
      "resolved": "https://registry.npmjs.org/rehype-stringify/-/rehype-stringify-6.0.1.tgz",
      "integrity": "sha512-JfEPRDD4DiG7jet4md7sY07v6ACeb2x+9HWQtRPm2iA6/ic31hCv1SNBUtpolJASxQ/D8gicXiviW4TJKEMPKQ==",
      "dev": true,
      "requires": {
        "hast-util-to-html": "^6.0.0",
        "xtend": "^4.0.0"
      }
    },
    "remark-breaks": {
      "version": "1.0.5",
      "resolved": "https://registry.npmjs.org/remark-breaks/-/remark-breaks-1.0.5.tgz",
      "integrity": "sha512-lr8+TlJI273NjEqL27eUthPYPTCgXEj4NaLbnazS3bQaQL2FySlsbtgo52gE36fE1gWeQgkn1VdmWsoT+uA7FA==",
      "dev": true
    },
    "remark-parse": {
      "version": "7.0.2",
      "resolved": "https://registry.npmjs.org/remark-parse/-/remark-parse-7.0.2.tgz",
      "integrity": "sha512-9+my0lQS80IQkYXsMA8Sg6m9QfXYJBnXjWYN5U+kFc5/n69t+XZVXU/ZBYr3cYH8FheEGf1v87rkFDhJ8bVgMA==",
      "dev": true,
      "requires": {
        "collapse-white-space": "^1.0.2",
        "is-alphabetical": "^1.0.0",
        "is-decimal": "^1.0.0",
        "is-whitespace-character": "^1.0.0",
        "is-word-character": "^1.0.0",
        "markdown-escapes": "^1.0.0",
        "parse-entities": "^1.1.0",
        "repeat-string": "^1.5.4",
        "state-toggle": "^1.0.0",
        "trim": "0.0.1",
        "trim-trailing-lines": "^1.0.0",
        "unherit": "^1.0.4",
        "unist-util-remove-position": "^1.0.0",
        "vfile-location": "^2.0.0",
        "xtend": "^4.0.1"
      }
    },
    "remark-rehype": {
      "version": "7.0.0",
      "resolved": "https://registry.npmjs.org/remark-rehype/-/remark-rehype-7.0.0.tgz",
      "integrity": "sha512-uqQ/VbaTdxyu/da6npHAso6hA00cMqhA3a59RziQdOLN2KEIkPykAVy52IcmZEVTuauXO0VtpxkyCey4phtHzQ==",
      "dev": true,
      "requires": {
        "mdast-util-to-hast": "^9.1.0"
      }
    },
    "remark-slug": {
      "version": "6.0.0",
      "resolved": "https://registry.npmjs.org/remark-slug/-/remark-slug-6.0.0.tgz",
      "integrity": "sha512-ln67v5BrGKHpETnm6z6adlJPhESFJwfuZZ3jrmi+lKTzeZxh2tzFzUfDD4Pm2hRGOarHLuGToO86MNMZ/hA67Q==",
      "dev": true,
      "requires": {
        "github-slugger": "^1.0.0",
        "mdast-util-to-string": "^1.0.0",
        "unist-util-visit": "^2.0.0"
      },
      "dependencies": {
        "mdast-util-to-string": {
          "version": "1.1.0",
          "resolved": "https://registry.npmjs.org/mdast-util-to-string/-/mdast-util-to-string-1.1.0.tgz",
          "integrity": "sha512-jVU0Nr2B9X3MU4tSK7JP1CMkSvOj7X5l/GboG1tKRw52lLF1x2Ju92Ms9tNetCcbfX3hzlM73zYo2NKkWSfF/A==",
          "dev": true
        }
      }
    },
    "remark-stringify": {
      "version": "8.1.1",
      "resolved": "https://registry.npmjs.org/remark-stringify/-/remark-stringify-8.1.1.tgz",
      "integrity": "sha512-q4EyPZT3PcA3Eq7vPpT6bIdokXzFGp9i85igjmhRyXWmPs0Y6/d2FYwUNotKAWyLch7g0ASZJn/KHHcHZQ163A==",
      "dev": true,
      "requires": {
        "ccount": "^1.0.0",
        "is-alphanumeric": "^1.0.0",
        "is-decimal": "^1.0.0",
        "is-whitespace-character": "^1.0.0",
        "longest-streak": "^2.0.1",
        "markdown-escapes": "^1.0.0",
        "markdown-table": "^2.0.0",
        "mdast-util-compact": "^2.0.0",
        "parse-entities": "^2.0.0",
        "repeat-string": "^1.5.4",
        "state-toggle": "^1.0.0",
        "stringify-entities": "^3.0.0",
        "unherit": "^1.0.4",
        "xtend": "^4.0.1"
      },
      "dependencies": {
        "parse-entities": {
          "version": "2.0.0",
          "resolved": "https://registry.npmjs.org/parse-entities/-/parse-entities-2.0.0.tgz",
          "integrity": "sha512-kkywGpCcRYhqQIchaWqZ875wzpS/bMKhz5HnN3p7wveJTkTtyAB/AlnS0f8DFSqYW1T82t6yEAkEcB+A1I3MbQ==",
          "dev": true,
          "requires": {
            "character-entities": "^1.0.0",
            "character-entities-legacy": "^1.0.0",
            "character-reference-invalid": "^1.0.0",
            "is-alphanumerical": "^1.0.0",
            "is-decimal": "^1.0.0",
            "is-hexadecimal": "^1.0.0"
          }
        },
        "stringify-entities": {
          "version": "3.1.0",
          "resolved": "https://registry.npmjs.org/stringify-entities/-/stringify-entities-3.1.0.tgz",
          "integrity": "sha512-3FP+jGMmMV/ffZs86MoghGqAoqXAdxLrJP4GUdrDN1aIScYih5tuIO3eF4To5AJZ79KDZ8Fpdy7QJnK8SsL1Vg==",
          "dev": true,
          "requires": {
            "character-entities-html4": "^1.0.0",
            "character-entities-legacy": "^1.0.0",
            "xtend": "^4.0.0"
          }
        }
      }
    },
    "repeat-string": {
      "version": "1.6.1",
      "resolved": "https://registry.npmjs.org/repeat-string/-/repeat-string-1.6.1.tgz",
      "integrity": "sha1-jcrkcOHIirwtYA//Sndihtp15jc=",
      "dev": true
    },
    "replace-ext": {
      "version": "1.0.0",
      "resolved": "https://registry.npmjs.org/replace-ext/-/replace-ext-1.0.0.tgz",
      "integrity": "sha1-3mMSg3P8v3w8z6TeWkgMRaZ5WOs=",
      "dev": true
    },
    "scheduler": {
      "version": "0.19.1",
      "resolved": "https://registry.npmjs.org/scheduler/-/scheduler-0.19.1.tgz",
      "integrity": "sha512-n/zwRWRYSUj0/3g/otKDRPMh6qv2SYMWNq85IEa8iZyAv8od9zDYpGSnpBEjNgcMNq6Scbu5KfIPxNF72R/2EA==",
      "dev": true,
      "requires": {
        "loose-envify": "^1.1.0",
        "object-assign": "^4.1.1"
      }
    },
    "space-separated-tokens": {
      "version": "1.1.5",
      "resolved": "https://registry.npmjs.org/space-separated-tokens/-/space-separated-tokens-1.1.5.tgz",
      "integrity": "sha512-q/JSVd1Lptzhf5bkYm4ob4iWPjx0KiRe3sRFBNrVqbJkFaBm5vbbowy1mymoPNLRa52+oadOhJ+K49wsSeSjTA==",
      "dev": true
    },
    "state-toggle": {
      "version": "1.0.3",
      "resolved": "https://registry.npmjs.org/state-toggle/-/state-toggle-1.0.3.tgz",
      "integrity": "sha512-d/5Z4/2iiCnHw6Xzghyhb+GcmF89bxwgXG60wjIiZaxnymbyOmI8Hk4VqHXiVVp6u2ysaskFfXg3ekCj4WNftQ==",
      "dev": true
    },
    "stringify-entities": {
      "version": "2.0.0",
      "resolved": "https://registry.npmjs.org/stringify-entities/-/stringify-entities-2.0.0.tgz",
      "integrity": "sha512-fqqhZzXyAM6pGD9lky/GOPq6V4X0SeTAFBl0iXb/BzOegl40gpf/bV3QQP7zULNYvjr6+Dx8SCaDULjVoOru0A==",
      "dev": true,
      "requires": {
        "character-entities-html4": "^1.0.0",
        "character-entities-legacy": "^1.0.0",
        "is-alphanumerical": "^1.0.0",
        "is-decimal": "^1.0.2",
        "is-hexadecimal": "^1.0.0"
      }
    },
    "style-to-object": {
      "version": "0.2.3",
      "resolved": "https://registry.npmjs.org/style-to-object/-/style-to-object-0.2.3.tgz",
      "integrity": "sha512-1d/k4EY2N7jVLOqf2j04dTc37TPOv/hHxZmvpg8Pdh8UYydxeu/C1W1U4vD8alzf5V2Gt7rLsmkr4dxAlDm9ng==",
      "dev": true,
      "requires": {
        "inline-style-parser": "0.1.1"
      }
    },
    "toggle-selection": {
      "version": "1.0.6",
      "resolved": "https://registry.npmjs.org/toggle-selection/-/toggle-selection-1.0.6.tgz",
      "integrity": "sha1-bkWxJj8gF/oKzH2J14sVuL932jI=",
      "dev": true
    },
    "trim": {
      "version": "0.0.1",
      "resolved": "https://registry.npmjs.org/trim/-/trim-0.0.1.tgz",
      "integrity": "sha1-WFhUf2spB1fulczMZm+1AITEYN0=",
      "dev": true
    },
    "trim-trailing-lines": {
      "version": "1.1.4",
      "resolved": "https://registry.npmjs.org/trim-trailing-lines/-/trim-trailing-lines-1.1.4.tgz",
      "integrity": "sha512-rjUWSqnfTNrjbB9NQWfPMH/xRK1deHeGsHoVfpxJ++XeYXE0d6B1En37AHfw3jtfTU7dzMzZL2jjpe8Qb5gLIQ==",
      "dev": true
    },
    "trough": {
      "version": "1.0.5",
      "resolved": "https://registry.npmjs.org/trough/-/trough-1.0.5.tgz",
      "integrity": "sha512-rvuRbTarPXmMb79SmzEp8aqXNKcK+y0XaB298IXueQ8I2PsrATcPBCSPyK/dDNa2iWOhKlfNnOjdAOTBU/nkFA==",
      "dev": true
    },
    "unherit": {
      "version": "1.1.3",
      "resolved": "https://registry.npmjs.org/unherit/-/unherit-1.1.3.tgz",
      "integrity": "sha512-Ft16BJcnapDKp0+J/rqFC3Rrk6Y/Ng4nzsC028k2jdDII/rdZ7Wd3pPT/6+vIIxRagwRc9K0IUX0Ra4fKvw+WQ==",
      "dev": true,
      "requires": {
        "inherits": "^2.0.0",
        "xtend": "^4.0.0"
      }
    },
    "unified": {
      "version": "8.4.2",
      "resolved": "https://registry.npmjs.org/unified/-/unified-8.4.2.tgz",
      "integrity": "sha512-JCrmN13jI4+h9UAyKEoGcDZV+i1E7BLFuG7OsaDvTXI5P0qhHX+vZO/kOhz9jn8HGENDKbwSeB0nVOg4gVStGA==",
      "dev": true,
      "requires": {
        "bail": "^1.0.0",
        "extend": "^3.0.0",
        "is-plain-obj": "^2.0.0",
        "trough": "^1.0.0",
        "vfile": "^4.0.0"
      }
    },
    "unist-builder": {
      "version": "2.0.3",
      "resolved": "https://registry.npmjs.org/unist-builder/-/unist-builder-2.0.3.tgz",
      "integrity": "sha512-f98yt5pnlMWlzP539tPc4grGMsFaQQlP/vM396b00jngsiINumNmsY8rkXjfoi1c6QaM8nQ3vaGDuoKWbe/1Uw==",
      "dev": true
    },
    "unist-util-find-after": {
      "version": "3.0.0",
      "resolved": "https://registry.npmjs.org/unist-util-find-after/-/unist-util-find-after-3.0.0.tgz",
      "integrity": "sha512-ojlBqfsBftYXExNu3+hHLfJQ/X1jYY/9vdm4yZWjIbf0VuWF6CRufci1ZyoD/wV2TYMKxXUoNuoqwy+CkgzAiQ==",
      "dev": true,
      "requires": {
        "unist-util-is": "^4.0.0"
      }
    },
    "unist-util-flatmap": {
      "version": "1.0.0",
      "resolved": "https://registry.npmjs.org/unist-util-flatmap/-/unist-util-flatmap-1.0.0.tgz",
      "integrity": "sha512-IG32jcKJlhARCYT2LsYPJWdoXYkzz3ESAdl1aa2hn9Auh+cgUmU6wgkII4yCc/1GgeWibRdELdCZh/p3QKQ1dQ==",
      "dev": true
    },
    "unist-util-generated": {
      "version": "1.1.6",
      "resolved": "https://registry.npmjs.org/unist-util-generated/-/unist-util-generated-1.1.6.tgz",
      "integrity": "sha512-cln2Mm1/CZzN5ttGK7vkoGw+RZ8VcUH6BtGbq98DDtRGquAAOXig1mrBQYelOwMXYS8rK+vZDyyojSjp7JX+Lg==",
      "dev": true
    },
    "unist-util-is": {
      "version": "4.0.3",
      "resolved": "https://registry.npmjs.org/unist-util-is/-/unist-util-is-4.0.3.tgz",
      "integrity": "sha512-bTofCFVx0iQM8Jqb1TBDVRIQW03YkD3p66JOd/aCWuqzlLyUtx1ZAGw/u+Zw+SttKvSVcvTiKYbfrtLoLefykw==",
      "dev": true
    },
    "unist-util-map": {
      "version": "2.0.1",
      "resolved": "https://registry.npmjs.org/unist-util-map/-/unist-util-map-2.0.1.tgz",
      "integrity": "sha512-VdNvk4BQUUU9Rgr8iUOvclHa/iN9O+6Dt66FKij8l9OVezGG37gGWCPU5KSax1R2degqXFvl3kWTkvzL79e9tQ==",
      "dev": true,
      "requires": {
        "@types/mdast": "^3.0.0",
        "object-assign": "^4.0.0"
      }
    },
    "unist-util-position": {
      "version": "3.1.0",
      "resolved": "https://registry.npmjs.org/unist-util-position/-/unist-util-position-3.1.0.tgz",
      "integrity": "sha512-w+PkwCbYSFw8vpgWD0v7zRCl1FpY3fjDSQ3/N/wNd9Ffa4gPi8+4keqt99N3XW6F99t/mUzp2xAhNmfKWp95QA==",
      "dev": true
    },
    "unist-util-remove-position": {
      "version": "1.1.4",
      "resolved": "https://registry.npmjs.org/unist-util-remove-position/-/unist-util-remove-position-1.1.4.tgz",
      "integrity": "sha512-tLqd653ArxJIPnKII6LMZwH+mb5q+n/GtXQZo6S6csPRs5zB0u79Yw8ouR3wTw8wxvdJFhpP6Y7jorWdCgLO0A==",
      "dev": true,
      "requires": {
        "unist-util-visit": "^1.1.0"
      },
      "dependencies": {
        "unist-util-is": {
          "version": "3.0.0",
          "resolved": "https://registry.npmjs.org/unist-util-is/-/unist-util-is-3.0.0.tgz",
          "integrity": "sha512-sVZZX3+kspVNmLWBPAB6r+7D9ZgAFPNWm66f7YNb420RlQSbn+n8rG8dGZSkrER7ZIXGQYNm5pqC3v3HopH24A==",
          "dev": true
        },
        "unist-util-visit": {
          "version": "1.4.1",
          "resolved": "https://registry.npmjs.org/unist-util-visit/-/unist-util-visit-1.4.1.tgz",
          "integrity": "sha512-AvGNk7Bb//EmJZyhtRUnNMEpId/AZ5Ph/KUpTI09WHQuDZHKovQ1oEv3mfmKpWKtoMzyMC4GLBm1Zy5k12fjIw==",
          "dev": true,
          "requires": {
            "unist-util-visit-parents": "^2.0.0"
          }
        },
        "unist-util-visit-parents": {
          "version": "2.1.2",
          "resolved": "https://registry.npmjs.org/unist-util-visit-parents/-/unist-util-visit-parents-2.1.2.tgz",
          "integrity": "sha512-DyN5vD4NE3aSeB+PXYNKxzGsfocxp6asDc2XXE3b0ekO2BaRUpBicbbUygfSvYfUz1IkmjFR1YF7dPklraMZ2g==",
          "dev": true,
          "requires": {
            "unist-util-is": "^3.0.0"
          }
        }
      }
    },
    "unist-util-select": {
      "version": "3.0.2",
      "resolved": "https://registry.npmjs.org/unist-util-select/-/unist-util-select-3.0.2.tgz",
      "integrity": "sha512-LuxE3L0joWDkKjzIMWnVYNjZdvTZpLB5HyAOOneokzCZqXbvaKVTnxoJRtU1uE6dgymg+oNKUoveN/ixHD9Ncw==",
      "dev": true,
      "requires": {
        "css-selector-parser": "^1.0.0",
        "not": "^0.1.0",
        "nth-check": "^1.0.0",
        "unist-util-is": "^4.0.0",
        "zwitch": "^1.0.0"
      }
    },
    "unist-util-stringify-position": {
      "version": "2.0.3",
      "resolved": "https://registry.npmjs.org/unist-util-stringify-position/-/unist-util-stringify-position-2.0.3.tgz",
      "integrity": "sha512-3faScn5I+hy9VleOq/qNbAd6pAx7iH5jYBMS9I1HgQVijz/4mv5Bvw5iw1sC/90CODiKo81G/ps8AJrISn687g==",
      "dev": true,
      "requires": {
        "@types/unist": "^2.0.2"
      }
    },
    "unist-util-visit": {
      "version": "2.0.3",
      "resolved": "https://registry.npmjs.org/unist-util-visit/-/unist-util-visit-2.0.3.tgz",
      "integrity": "sha512-iJ4/RczbJMkD0712mGktuGpm/U4By4FfDonL7N/9tATGIF4imikjOuagyMY53tnZq3NP6BcmlrHhEKAfGWjh7Q==",
      "dev": true,
      "requires": {
        "@types/unist": "^2.0.0",
        "unist-util-is": "^4.0.0",
        "unist-util-visit-parents": "^3.0.0"
      }
    },
    "unist-util-visit-parents": {
      "version": "3.1.1",
      "resolved": "https://registry.npmjs.org/unist-util-visit-parents/-/unist-util-visit-parents-3.1.1.tgz",
      "integrity": "sha512-1KROIZWo6bcMrZEwiH2UrXDyalAa0uqzWCxCJj6lPOvTve2WkfgCytoDTPaMnodXh1WrXOq0haVYHj99ynJlsg==",
      "dev": true,
      "requires": {
        "@types/unist": "^2.0.0",
        "unist-util-is": "^4.0.0"
      }
    },
    "vfile": {
      "version": "4.2.0",
      "resolved": "https://registry.npmjs.org/vfile/-/vfile-4.2.0.tgz",
      "integrity": "sha512-a/alcwCvtuc8OX92rqqo7PflxiCgXRFjdyoGVuYV+qbgCb0GgZJRvIgCD4+U/Kl1yhaRsaTwksF88xbPyGsgpw==",
      "dev": true,
      "requires": {
        "@types/unist": "^2.0.0",
        "is-buffer": "^2.0.0",
        "replace-ext": "1.0.0",
        "unist-util-stringify-position": "^2.0.0",
        "vfile-message": "^2.0.0"
      }
    },
    "vfile-location": {
      "version": "2.0.6",
      "resolved": "https://registry.npmjs.org/vfile-location/-/vfile-location-2.0.6.tgz",
      "integrity": "sha512-sSFdyCP3G6Ka0CEmN83A2YCMKIieHx0EDaj5IDP4g1pa5ZJ4FJDvpO0WODLxo4LUX4oe52gmSCK7Jw4SBghqxA==",
      "dev": true
    },
    "vfile-message": {
      "version": "2.0.4",
      "resolved": "https://registry.npmjs.org/vfile-message/-/vfile-message-2.0.4.tgz",
      "integrity": "sha512-DjssxRGkMvifUOJre00juHoP9DPWuzjxKuMDrhNbk2TdaYYBNMStsNhEOt3idrtI12VQYM/1+iM0KOzXi4pxwQ==",
      "dev": true,
      "requires": {
        "@types/unist": "^2.0.0",
        "unist-util-stringify-position": "^2.0.0"
      }
    },
    "web-namespaces": {
      "version": "1.1.4",
      "resolved": "https://registry.npmjs.org/web-namespaces/-/web-namespaces-1.1.4.tgz",
      "integrity": "sha512-wYxSGajtmoP4WxfejAPIr4l0fVh+jeMXZb08wNc0tMg6xsfZXj3cECqIK0G7ZAqUq0PP8WlMDtaOGVBTAWztNw==",
      "dev": true
    },
    "xtend": {
      "version": "4.0.2",
      "resolved": "https://registry.npmjs.org/xtend/-/xtend-4.0.2.tgz",
      "integrity": "sha512-LKYU1iAXJXUgAXn9URjiu+MWhyUXHsvfp7mcuYm9dSUKK0/CjtrUwFAxD82/mCWbtLsGjFIad0wIsod4zrTAEQ==",
      "dev": true
    },
    "zwitch": {
      "version": "1.0.5",
      "resolved": "https://registry.npmjs.org/zwitch/-/zwitch-1.0.5.tgz",
      "integrity": "sha512-V50KMwwzqJV0NpZIZFwfOD5/lyny3WlSzRiXgA0G7VUnRlqttta1L6UQIHzd6EuBY/cHGfwTIck7w1yH6Q5zUw==",
      "dev": true
    }
  }
}
