{
  "name": "@readme/markdown-magic",
  "version": "9.2.1",
  "lockfileVersion": 1,
  "requires": true,
  "dependencies": {
    "@readme/emojis": {
      "version": "1.0.0",
      "resolved": "https://registry.npmjs.org/@readme/emojis/-/emojis-1.0.0.tgz",
      "integrity": "sha512-zqnvyz2FAw9ah6dHkcaiOpL85DPMj8KgaW1Z14Lhf4qECPKRsid4IBd30ljuAV1gdX1JA8HCuFIY8SRU1Lvb2g=="
    },
    "@readme/syntax-highlighter": {
      "version": "7.2.3",
      "resolved": "https://registry.npmjs.org/@readme/syntax-highlighter/-/syntax-highlighter-7.2.3.tgz",
      "integrity": "sha512-BXwNDNLitBpoLqZQ7L7WCTw4/sf6QfkUA7EaeO/qOnE/PKhZC6oA6iTDFW6B0xq1nJy8r8qOK6K/2G1RnAWO4g==",
      "requires": {
        "@readme/variable": "^7.2.3",
        "codemirror": "^5.48.2",
        "react": "^16.4.2"
      },
      "dependencies": {
        "@readme/variable": {
          "version": "7.5.0",
          "resolved": "https://registry.npmjs.org/@readme/variable/-/variable-7.5.0.tgz",
          "integrity": "sha512-GC0zZA7DD6jT691x5yROUFteJd7j1pkIEQz5tlNodjZcEVaGghU/h9sLyw5KJlj+v3OYuHci69x3SJwbyt/Rug==",
          "requires": {
            "classnames": "^2.2.6",
            "prop-types": "^15.7.2",
            "react": "^16.4.2"
          }
        }
      }
    },
    "classnames": {
      "version": "2.2.6",
      "resolved": "https://registry.npmjs.org/classnames/-/classnames-2.2.6.tgz",
      "integrity": "sha512-JR/iSQOSt+LQIWwrwEzJ9uk0xfN3mTVYMwt1Ir5mUcSN6pU+V4zQFFaJsclJbPuAUQH+yfWef6tm7l1quW3C8Q=="
    },
    "codemirror": {
      "version": "5.57.0",
      "resolved": "https://registry.npmjs.org/codemirror/-/codemirror-5.57.0.tgz",
      "integrity": "sha512-WGc6UL7Hqt+8a6ZAsj/f1ApQl3NPvHY/UQSzG6fB6l4BjExgVdhFaxd7mRTw1UCiYe/6q86zHP+kfvBQcZGvUg=="
    },
    "js-tokens": {
      "version": "3.0.2",
      "resolved": "https://registry.npmjs.org/js-tokens/-/js-tokens-3.0.2.tgz",
      "integrity": "sha1-mGbfOVECEw449/mWvOtlRDIJwls="
    },
    "loose-envify": {
      "version": "1.4.0",
      "resolved": "https://registry.npmjs.org/loose-envify/-/loose-envify-1.4.0.tgz",
      "integrity": "sha512-lyuxPGr/Wfhrlem2CL/UcnUc1zcqKAImBDzukY7Y5F/yQiNdko6+fRLevlw1HgMySw7f611UIY408EtxRSoK3Q==",
      "requires": {
        "js-tokens": "^3.0.0 || ^4.0.0"
      }
    },
    "object-assign": {
      "version": "4.1.1",
      "resolved": "https://registry.npmjs.org/object-assign/-/object-assign-4.1.1.tgz",
      "integrity": "sha1-IQmtx5ZYh8/AXLvUQsrIv7s2CGM="
    },
    "prop-types": {
      "version": "15.7.2",
      "resolved": "https://registry.npmjs.org/prop-types/-/prop-types-15.7.2.tgz",
      "integrity": "sha512-8QQikdH7//R2vurIJSutZ1smHYTcLpRWEOlHnzcWHmBYrOGUysKwSsrC89BCiFj3CbrfJ/nXFdJepOVrY1GCHQ==",
      "requires": {
        "loose-envify": "^1.4.0",
        "object-assign": "^4.1.1",
        "react-is": "^16.8.1"
      }
    },
    "react": {
      "version": "16.14.0",
      "resolved": "https://registry.npmjs.org/react/-/react-16.14.0.tgz",
      "integrity": "sha512-0X2CImDkJGApiAlcf0ODKIneSwBPhqJawOa5wCtKbu7ZECrmS26NvtSILynQ66cgkT/RJ4LidJOc3bUESwmU8g==",
      "requires": {
        "loose-envify": "^1.1.0",
        "object-assign": "^4.1.1",
        "prop-types": "^15.6.2"
      }
    },
    "react-is": {
      "version": "16.8.6",
      "resolved": "https://registry.npmjs.org/react-is/-/react-is-16.8.6.tgz",
      "integrity": "sha512-aUk3bHfZ2bRSVFFbbeVS4i+lNPZr3/WM5jT2J5omUVV1zzcs1nAaf3l51ctA5FFvCRbhrH0bdAsRRQddFJZPtA=="
    }
  }
}
